
Microsoft Visual Studio Solution File, Format Version 12.00
# Visual Studio 15
VisualStudioVersion = 15.0.28010.2046
MinimumVisualStudioVersion = 10.0.40219.1
Project("{FAE04EC0-301F-11D3-BF4B-00C04F79EFBC}") = "VLCTracker", "VLCTracker\VLCTracker.csproj", "{118AB92D-07CF-49A7-B1BA-1B4B717157E1}"
EndProject
Project("{FAE04EC0-301F-11D3-BF4B-00C04F79EFBC}") = "RobLibrary", "..\RobLibrary\RobLibrary\RobLibrary.csproj", "{3476DC74-FC60-45CE-B1A8-A0C4EA37A497}"
EndProject
Global
	GlobalSection(SolutionConfigurationPlatforms) = preSolution
		Debug|Any CPU = Debug|Any CPU
		Release|Any CPU = Release|Any CPU
	EndGlobalSection
	GlobalSection(ProjectConfigurationPlatforms) = postSolution
		{118AB92D-07CF-49A7-B1BA-1B4B717157E1}.Debug|Any CPU.ActiveCfg = Debug|Any CPU
		{118AB92D-07CF-49A7-B1BA-1B4B717157E1}.Debug|Any CPU.Build.0 = Debug|Any CPU
		{118AB92D-07CF-49A7-B1BA-1B4B717157E1}.Release|Any CPU.ActiveCfg = Release|Any CPU
		{118AB92D-07CF-49A7-B1BA-1B4B717157E1}.Release|Any CPU.Build.0 = Release|Any CPU
		{3476DC74-FC60-45CE-B1A8-A0C4EA37A497}.Debug|Any CPU.ActiveCfg = Debug|Any CPU
		{3476DC74-FC60-45CE-B1A8-A0C4EA37A497}.Debug|Any CPU.Build.0 = Debug|Any CPU
		{3476DC74-FC60-45CE-B1A8-A0C4EA37A497}.Release|Any CPU.ActiveCfg = Release|Any CPU
		{3476DC74-FC60-45CE-B1A8-A0C4EA37A497}.Release|Any CPU.Build.0 = Release|Any CPU
	EndGlobalSection
	GlobalSection(SolutionProperties) = preSolution
		HideSolutionNode = FALSE
	EndGlobalSection
	GlobalSection(ExtensibilityGlobals) = postSolution
		SolutionGuid = {C29BB8E4-A730-4325-984B-1291BBFBC0BB}
	EndGlobalSection
EndGlobal
